# This file is generated by running "yarn install" inside your project.
# Manual changes might be lost - proceed with caution!

__metadata:
  version: 6
  cacheKey: 8

"@fastify/ajv-compiler@npm:^3.1.1":
  version: 3.1.2
  resolution: "@fastify/ajv-compiler@npm:3.1.2"
  dependencies:
    ajv: ^8.10.0
    ajv-formats: ^2.1.1
    fast-uri: ^2.0.0
  checksum: 8876754279eef74d91b2a5dd42c2a5ca43c80de92a15d1b6cb980e0b27f572710a67a7675dd100b172e92941efaf2ecda57653d254542e5d94ca3ff785e0ce31
  languageName: node
  linkType: hard

"@fastify/deepmerge@npm:^1.0.0":
  version: 1.1.0
  resolution: "@fastify/deepmerge@npm:1.1.0"
  checksum: 3e6839ef2ab5ab524d90290c11e6997abda53cdfa9037639a794f4f1e1d9047c1c23e51d44d8a74b303285ef08f753d4bcff631f36d581ad24ee9fee6a0d2cf1
  languageName: node
  linkType: hard

"@fastify/error@npm:^3.0.0":
  version: 3.0.0
  resolution: "@fastify/error@npm:3.0.0"
  checksum: d9ea16db2d17e4d54f34ad2daf7bbd223fd3fd5682e55406f61dae66616a2fd79fa7585736e6e3b46e9dc60da6e96018f92ebb2f87fd100b4e8ad27308aa9c74
  languageName: node
  linkType: hard

"@fastify/fast-json-stringify-compiler@npm:^4.0.0":
  version: 4.0.0
  resolution: "@fastify/fast-json-stringify-compiler@npm:4.0.0"
  dependencies:
    fast-json-stringify: ^5.0.0
  checksum: 5cfeebcd9fb7ae5d912836503a7934ed4b9db83c30cae15e393341b52c059cd83531b375226406f8056b09f472c11560c730999c7ae4647c2fb9771d372db60a
  languageName: node
  linkType: hard

"@fastify/helmet@npm:^9.1.0":
  version: 9.1.0
  resolution: "@fastify/helmet@npm:9.1.0"
  dependencies:
    fastify-plugin: ^3.0.0
    helmet: ^5.0.1
  checksum: 08e32555c4ba0ffdb5d3640c80ccd6c44b9eca58571a6134164ec2b4da9b2f69c80ab46265d31e5400958daae828cca4451763e171666454224469cdbd912735
  languageName: node
  linkType: hard

"@prisma/engines@npm:4.2.1":
  version: 4.2.1
  resolution: "@prisma/engines@npm:4.2.1"
  checksum: 60a13c34412d875f803fbf6452df7dd811b92f9d08e0096629841f404b14e9830ff2e487c8e462d710a1a38a6b0a202e60369d804d0251ae139376772c64f00a
  languageName: node
  linkType: hard

"@redis/bloom@npm:1.0.2":
  version: 1.0.2
  resolution: "@redis/bloom@npm:1.0.2"
  peerDependencies:
    "@redis/client": ^1.0.0
  checksum: 4872e7e5e4ff03d63349ca88d3164d487f62805651ada91924de2592995993401c98a01cb93bff8d71e9a2e54985b2485b6cb0e084a7e8b1283e2ebb8bc4b833
  languageName: node
  linkType: hard

"@redis/client@npm:1.2.0":
  version: 1.2.0
  resolution: "@redis/client@npm:1.2.0"
  dependencies:
    cluster-key-slot: 1.1.0
    generic-pool: 3.8.2
    yallist: 4.0.0
  checksum: 098a550a6728d9d3babb432a1c32f1678cbda5ad7fa3d59316fc334be42ef05d778fc4cf2e3d873a34817447870a5fc0486e62793698a279404b3b086ba7422e
  languageName: node
  linkType: hard

"@redis/graph@npm:1.0.1":
  version: 1.0.1
  resolution: "@redis/graph@npm:1.0.1"
  peerDependencies:
    "@redis/client": ^1.0.0
  checksum: 72e485efa416bdff10420f6e13c9cb4e1e5c70752e5172717adf62fc1d4d9ba12e708229fd87876f3a93270ff74c4bcd4d916987438dc36a94f7f12c9785fa44
  languageName: node
  linkType: hard

"@redis/json@npm:1.0.3":
  version: 1.0.3
  resolution: "@redis/json@npm:1.0.3"
  peerDependencies:
    "@redis/client": ^1.0.0
  checksum: 26a7003c2fbacfa5998671e3a301cb2285432bf90f237adedcf76c0be0d379528e6710d469a8ea93c04bbd22951f9c2f41d460dbd79e85856f199248c4a250d5
  languageName: node
  linkType: hard

"@redis/search@npm:1.0.6":
  version: 1.0.6
  resolution: "@redis/search@npm:1.0.6"
  peerDependencies:
    "@redis/client": ^1.0.0
  checksum: 5c776143520b11ae2e49a05e7fe3df514a01460f2be90759b15e4f097bf4a985784c48c2184ac2c275ced3ec5a0c77b208a4d46a50161d1ad6025e3ab2990aa7
  languageName: node
  linkType: hard

"@redis/time-series@npm:1.0.3":
  version: 1.0.3
  resolution: "@redis/time-series@npm:1.0.3"
  peerDependencies:
    "@redis/client": ^1.0.0
  checksum: 4d11518185dd15f31c5b4a433902e53a3ebc24614a0221080ab12abf4f6fc60b3db00a71a83de7b4b10f11077de611dc1c273274573646d63481d40ca246f82d
  languageName: node
  linkType: hard

"@types/node@npm:^18.7.1":
  version: 18.7.1
  resolution: "@types/node@npm:18.7.1"
  checksum: f1e2b701b107f97be01da4c46845cd23bcdcb2865f9abbb2847546d09587e726ea207daca6f0d1e72196875ef8c62feeeff5f1c1f2070445acd6d1a61d815c7c
  languageName: node
  linkType: hard

"abort-controller@npm:^3.0.0":
  version: 3.0.0
  resolution: "abort-controller@npm:3.0.0"
  dependencies:
    event-target-shim: ^5.0.0
  checksum: 170bdba9b47b7e65906a28c8ce4f38a7a369d78e2271706f020849c1bfe0ee2067d4261df8bbb66eb84f79208fd5b710df759d64191db58cfba7ce8ef9c54b75
  languageName: node
  linkType: hard

"abstract-logging@npm:^2.0.1":
  version: 2.0.1
  resolution: "abstract-logging@npm:2.0.1"
  checksum: 6967d15e5abbafd17f56eaf30ba8278c99333586fa4f7935fd80e93cfdc006c37fcc819c5d63ee373a12e6cb2d0417f7c3c6b9e42b957a25af9937d26749415e
  languageName: node
  linkType: hard

"ajv-formats@npm:^2.1.1":
  version: 2.1.1
  resolution: "ajv-formats@npm:2.1.1"
  dependencies:
    ajv: ^8.0.0
  peerDependencies:
    ajv: ^8.0.0
  peerDependenciesMeta:
    ajv:
      optional: true
  checksum: 4a287d937f1ebaad4683249a4c40c0fa3beed30d9ddc0adba04859026a622da0d317851316ea64b3680dc60f5c3c708105ddd5d5db8fe595d9d0207fd19f90b7
  languageName: node
  linkType: hard

"ajv@npm:^8.0.0, ajv@npm:^8.10.0":
  version: 8.11.0
  resolution: "ajv@npm:8.11.0"
  dependencies:
    fast-deep-equal: ^3.1.1
    json-schema-traverse: ^1.0.0
    require-from-string: ^2.0.2
    uri-js: ^4.2.2
  checksum: 5e0ff226806763be73e93dd7805b634f6f5921e3e90ca04acdf8db81eed9d8d3f0d4c5f1213047f45ebbf8047ffe0c840fa1ef2ec42c3a644899f69aa72b5bef
  languageName: node
  linkType: hard

"archy@npm:^1.0.0":
  version: 1.0.0
  resolution: "archy@npm:1.0.0"
  checksum: 504ae7af655130bab9f471343cfdb054feaec7d8e300e13348bc9fe9e660f83d422e473069584f73233c701ae37d1c8452ff2522f2a20c38849e0f406f1732ac
  languageName: node
  linkType: hard

"atomic-sleep@npm:^1.0.0":
  version: 1.0.0
  resolution: "atomic-sleep@npm:1.0.0"
  checksum: b95275afb2f80732f22f43a60178430c468906a415a7ff18bcd0feeebc8eec3930b51250aeda91a476062a90e07132b43a1794e8d8ffcf9b650e8139be75fa36
  languageName: node
  linkType: hard

"avvio@npm:^8.1.3":
  version: 8.2.0
  resolution: "avvio@npm:8.2.0"
  dependencies:
    archy: ^1.0.0
    debug: ^4.0.0
    fastq: ^1.6.1
  checksum: bbd06eeb1f9ef428dbc32a32e06c350a7b320f60348698fd234145a4100f3688ce5d0999b966eb6ca70f9511d0c35fed5ef4651d276715e7e3e94a2d465cb56d
  languageName: node
  linkType: hard

"cluster-key-slot@npm:1.1.0":
  version: 1.1.0
  resolution: "cluster-key-slot@npm:1.1.0"
  checksum: fc953c75209b1ef9088081bab4e40a0b2586491c974ab93460569c014515ca5a2e31c043f185285e177007162fc353d07836d98f570c171dbe055775430e495b
  languageName: node
  linkType: hard

"cookie@npm:^0.5.0":
  version: 0.5.0
  resolution: "cookie@npm:0.5.0"
  checksum: 1f4bd2ca5765f8c9689a7e8954183f5332139eb72b6ff783d8947032ec1fdf43109852c178e21a953a30c0dd42257828185be01b49d1eb1a67fd054ca588a180
  languageName: node
  linkType: hard

"debug@npm:^4.0.0":
  version: 4.3.4
  resolution: "debug@npm:4.3.4"
  dependencies:
    ms: 2.1.2
  peerDependenciesMeta:
    supports-color:
      optional: true
  checksum: 3dbad3f94ea64f34431a9cbf0bafb61853eda57bff2880036153438f50fb5a84f27683ba0d8e5426bf41a8c6ff03879488120cf5b3a761e77953169c0600a708
  languageName: node
  linkType: hard

"event-target-shim@npm:^5.0.0":
  version: 5.0.1
  resolution: "event-target-shim@npm:5.0.1"
  checksum: 1ffe3bb22a6d51bdeb6bf6f7cf97d2ff4a74b017ad12284cc9e6a279e727dc30a5de6bb613e5596ff4dc3e517841339ad09a7eec44266eccb1aa201a30448166
  languageName: node
  linkType: hard

"fast-deep-equal@npm:^3.1.1, fast-deep-equal@npm:^3.1.3":
  version: 3.1.3
  resolution: "fast-deep-equal@npm:3.1.3"
  checksum: e21a9d8d84f53493b6aa15efc9cfd53dd5b714a1f23f67fb5dc8f574af80df889b3bce25dc081887c6d25457cce704e636395333abad896ccdec03abaf1f3f9d
  languageName: node
  linkType: hard

"fast-json-stringify@npm:^5.0.0":
  version: 5.1.0
  resolution: "fast-json-stringify@npm:5.1.0"
  dependencies:
    "@fastify/deepmerge": ^1.0.0
    ajv: ^8.10.0
    ajv-formats: ^2.1.1
    fast-uri: ^2.1.0
    rfdc: ^1.2.0
  checksum: 712e795ecb9d261b4c2c3c5375dbb038434e2bba7eada617d7280c13c7266ab56553f731c5a2a26a71d2d23e485f04949a18374b958aa7cc12773174f86402cb
  languageName: node
  linkType: hard

"fast-redact@npm:^3.1.1":
  version: 3.1.1
  resolution: "fast-redact@npm:3.1.1"
  checksum: e486cc9990b5c9724f39bf4e392c1b250c8fd5e8c0145be80c73de3461fc390babe7b48f35746b50bf3cbcd917e093b5685ae66295162c7d9b686a761d48e989
  languageName: node
  linkType: hard

"fast-uri@npm:^2.0.0, fast-uri@npm:^2.1.0":
  version: 2.1.0
  resolution: "fast-uri@npm:2.1.0"
  checksum: 60ecece5ab05515729ec04d1732ee68bd4429cab8c06ebf8db512a094a0077ddc5af6a27c75922875bc9e13b58e947832242cdcb2cb23c51dc753412222dca83
  languageName: node
  linkType: hard

"fastify-plugin@npm:^3.0.0":
  version: 3.0.1
  resolution: "fastify-plugin@npm:3.0.1"
  checksum: 131ba0a388f777829c3fb0fd5b75cf057688ce6d0ca354fb1ebf829767a8c853b0825762b9185b5200097454df0ede2f3095da2efe1aa1b3736d07f194e6d374
  languageName: node
  linkType: hard

"fastify@npm:^4.4.0":
  version: 4.4.0
  resolution: "fastify@npm:4.4.0"
  dependencies:
    "@fastify/ajv-compiler": ^3.1.1
    "@fastify/error": ^3.0.0
    "@fastify/fast-json-stringify-compiler": ^4.0.0
    abstract-logging: ^2.0.1
    avvio: ^8.1.3
    find-my-way: ^7.0.0
    light-my-request: ^5.0.0
    pino: ^8.0.0
    process-warning: ^2.0.0
    proxy-addr: ^2.0.7
    rfdc: ^1.3.0
    secure-json-parse: ^2.4.0
    semver: ^7.3.7
    tiny-lru: ^8.0.2
  checksum: ca5296d6b97916a2ed9596fa3f2d76e2e0b2cc45185adec2c693900bff54550fbed0029dd4106c7c2075ffc877245bbac58068ffc75993b524d00d733c962cde
  languageName: node
  linkType: hard

"fastq@npm:^1.6.1":
  version: 1.13.0
  resolution: "fastq@npm:1.13.0"
  dependencies:
    reusify: ^1.0.4
  checksum: 32cf15c29afe622af187d12fc9cd93e160a0cb7c31a3bb6ace86b7dea3b28e7b72acde89c882663f307b2184e14782c6c664fa315973c03626c7d4bff070bb0b
  languageName: node
  linkType: hard

"find-my-way@npm:^7.0.0":
  version: 7.0.1
  resolution: "find-my-way@npm:7.0.1"
  dependencies:
    fast-deep-equal: ^3.1.3
    safe-regex2: ^2.0.0
  checksum: ffadbab35c75cb6dc7d9f81a94c4c305713d01b676d684069d751b2d8525d5c84e4fe4f439345b0aed80b7da18ca4fc13579d3c497488ab06976ee30ed78eb33
  languageName: node
  linkType: hard

"forwarded@npm:0.2.0":
  version: 0.2.0
  resolution: "forwarded@npm:0.2.0"
  checksum: fd27e2394d8887ebd16a66ffc889dc983fbbd797d5d3f01087c020283c0f019a7d05ee85669383d8e0d216b116d720fc0cef2f6e9b7eb9f4c90c6e0bc7fd28e6
  languageName: node
  linkType: hard

"generic-pool@npm:3.8.2":
  version: 3.8.2
  resolution: "generic-pool@npm:3.8.2"
  checksum: f549077d90265e5e4d32a2410205b357ec61cf73d17861f1013637984390e09fe7bf537129a2c6ed30ae57662a57c8d54194f80046408d3349836330f422dbde
  languageName: node
  linkType: hard

"helmet@npm:^5.0.1":
  version: 5.1.1
  resolution: "helmet@npm:5.1.1"
  checksum: b72ba26cc431804ad3b8ecdc18db95409a492cbb7a7e825efc27fc502b9433fec39fc083f2aad4fe7ed1a89a4287560b59f4435f9689eebbae6a2b61a1ec1b7d
  languageName: node
  linkType: hard

"ipaddr.js@npm:1.9.1":
  version: 1.9.1
  resolution: "ipaddr.js@npm:1.9.1"
  checksum: f88d3825981486f5a1942414c8d77dd6674dd71c065adcfa46f578d677edcb99fda25af42675cb59db492fdf427b34a5abfcde3982da11a8fd83a500b41cfe77
  languageName: node
  linkType: hard

"json-schema-traverse@npm:^1.0.0":
  version: 1.0.0
  resolution: "json-schema-traverse@npm:1.0.0"
  checksum: 02f2f466cdb0362558b2f1fd5e15cce82ef55d60cd7f8fa828cf35ba74330f8d767fcae5c5c2adb7851fa811766c694b9405810879bc4e1ddd78a7c0e03658ad
  languageName: node
  linkType: hard

"light-my-request@npm:^5.0.0":
  version: 5.4.0
  resolution: "light-my-request@npm:5.4.0"
  dependencies:
    cookie: ^0.5.0
    process-warning: ^2.0.0
    set-cookie-parser: ^2.4.1
  checksum: cc87a63136668498fcbc84f094f950c427c7d2c0d3ecf5b97074c9992ff061b8f5f6ede3bbf2b86fa69730612345119509ca3bb2ea77b20986f9c252f2793559
  languageName: node
  linkType: hard

"lru-cache@npm:^6.0.0":
  version: 6.0.0
  resolution: "lru-cache@npm:6.0.0"
  dependencies:
    yallist: ^4.0.0
  checksum: f97f499f898f23e4585742138a22f22526254fdba6d75d41a1c2526b3b6cc5747ef59c5612ba7375f42aca4f8461950e925ba08c991ead0651b4918b7c978297
  languageName: node
  linkType: hard

"ms@npm:2.1.2":
  version: 2.1.2
  resolution: "ms@npm:2.1.2"
  checksum: 673cdb2c3133eb050c745908d8ce632ed2c02d85640e2edb3ace856a2266a813b30c613569bf3354fdf4ea7d1a1494add3bfa95e2713baa27d0c2c71fc44f58f
  languageName: node
  linkType: hard

"on-exit-leak-free@npm:^2.1.0":
  version: 2.1.0
  resolution: "on-exit-leak-free@npm:2.1.0"
  checksum: 7334d98b87b0c89c9b69c747760b21196ff35afdedc4eaf1a0a3a02964463d7f6802481b120e4c8298967c74773ca7b914ab2eb3d9b279010eb7f67ac4960eed
  languageName: node
  linkType: hard

"pino-abstract-transport@npm:v1.0.0":
  version: 1.0.0
  resolution: "pino-abstract-transport@npm:1.0.0"
  dependencies:
    readable-stream: ^4.0.0
    split2: ^4.0.0
  checksum: 05dd0eda52dd99fd204b39fe7b62656744b63e863bc052cdd5105d25f226a236966d0a46e39a1ace4838f6e988c608837ff946d2d0bc92835ca7baa0a3bff8d8
  languageName: node
  linkType: hard

"pino-std-serializers@npm:^6.0.0":
  version: 6.0.0
  resolution: "pino-std-serializers@npm:6.0.0"
  checksum: d9dc1779b3870cdbe00dc2dff15e3931eb126bb144bc9f746d83a2c1174a28e366ed0abe63379dee2fee474e6018a088bfbb2c4b57c1e206601918f5a61e276f
  languageName: node
  linkType: hard

"pino@npm:^8.0.0":
  version: 8.4.0
  resolution: "pino@npm:8.4.0"
  dependencies:
    atomic-sleep: ^1.0.0
    fast-redact: ^3.1.1
    on-exit-leak-free: ^2.1.0
    pino-abstract-transport: v1.0.0
    pino-std-serializers: ^6.0.0
    process-warning: ^2.0.0
    quick-format-unescaped: ^4.0.3
    real-require: ^0.2.0
    safe-stable-stringify: ^2.3.1
    sonic-boom: ^3.1.0
    thread-stream: ^2.0.0
  bin:
    pino: bin.js
  checksum: ccb5d3d83ae9b9fc17b6a8f44a0204cbb57036322cc7ed6cfaba2d1cebacbeaadebf7c9c047bc0b8136654698ca7f2b6671243f5151998a8f5e0bb431e7a2476
  languageName: node
  linkType: hard

"prisma@npm:^4.2.1":
  version: 4.2.1
  resolution: "prisma@npm:4.2.1"
  dependencies:
    "@prisma/engines": 4.2.1
  bin:
    prisma: build/index.js
    prisma2: build/index.js
  checksum: 7f6fa164e153aa09f28f90420756831bb275a123ee0691fdd70bccee193ccc1d537cd14394cdf2ad549bb8773e06704025664948275d17f0fe4c139a470848e1
  languageName: node
  linkType: hard

"process-warning@npm:^2.0.0":
  version: 2.0.0
  resolution: "process-warning@npm:2.0.0"
  checksum: a2bb299835bced58e63cbe06a8fd6e048a648d3649e81b62c442b63112a3f0a86912e7b1a9c557daca30652232d3b0a7f1972fb87c36334e2a5a6f3d5c4a76c9
  languageName: node
  linkType: hard

"proxy-addr@npm:^2.0.7":
  version: 2.0.7
  resolution: "proxy-addr@npm:2.0.7"
  dependencies:
    forwarded: 0.2.0
    ipaddr.js: 1.9.1
  checksum: 29c6990ce9364648255454842f06f8c46fcd124d3e6d7c5066df44662de63cdc0bad032e9bf5a3d653ff72141cc7b6019873d685708ac8210c30458ad99f2b74
  languageName: node
  linkType: hard

"punycode@npm:^2.1.0":
  version: 2.1.1
  resolution: "punycode@npm:2.1.1"
  checksum: 823bf443c6dd14f669984dea25757b37993f67e8d94698996064035edd43bed8a5a17a9f12e439c2b35df1078c6bec05a6c86e336209eb1061e8025c481168e8
  languageName: node
  linkType: hard

"quick-format-unescaped@npm:^4.0.3":
  version: 4.0.4
  resolution: "quick-format-unescaped@npm:4.0.4"
  checksum: 7bc32b99354a1aa46c089d2a82b63489961002bb1d654cee3e6d2d8778197b68c2d854fd23d8422436ee1fdfd0abaddc4d4da120afe700ade68bd357815b26fd
  languageName: node
  linkType: hard

"readable-stream@npm:^4.0.0":
  version: 4.1.0
  resolution: "readable-stream@npm:4.1.0"
  dependencies:
    abort-controller: ^3.0.0
  checksum: ff2bb513af6fb43618c8360211b5b9052e25a59e6626d3669c7ba060d021dfffa43c43832e11b18acd6aac15b057c6deae1c41004c1731688c95c455ad02f982
  languageName: node
  linkType: hard

"real-require@npm:^0.2.0":
  version: 0.2.0
  resolution: "real-require@npm:0.2.0"
  checksum: fa060f19f2f447adf678d1376928c76379dce5f72bd334da301685ca6cdcb7b11356813332cc243c88470796bc2e2b1e2917fc10df9143dd93c2ea608694971d
  languageName: node
  linkType: hard

"redis@npm:^4.2.0":
  version: 4.2.0
  resolution: "redis@npm:4.2.0"
  dependencies:
    "@redis/bloom": 1.0.2
    "@redis/client": 1.2.0
    "@redis/graph": 1.0.1
    "@redis/json": 1.0.3
    "@redis/search": 1.0.6
    "@redis/time-series": 1.0.3
  checksum: 6c35b56c6b685e82973c5698c5736c07ccbc59f3bc18d8de61e45ead2df4b8fc82062e5618452f4d3f8c23f02ff8c0b847c8d6a681f909c403a0fb96adcc2b98
  languageName: node
  linkType: hard

"require-from-string@npm:^2.0.2":
  version: 2.0.2
  resolution: "require-from-string@npm:2.0.2"
  checksum: a03ef6895445f33a4015300c426699bc66b2b044ba7b670aa238610381b56d3f07c686251740d575e22f4c87531ba662d06937508f0f3c0f1ddc04db3130560b
  languageName: node
  linkType: hard

"ret@npm:~0.2.0":
  version: 0.2.2
  resolution: "ret@npm:0.2.2"
  checksum: 774964bb413a3525e687bca92d81c1cd75555ec33147c32ecca22f3d06409e35df87952cfe3d57afff7650a0f7e42139cf60cb44e94c29dde390243bc1941f16
  languageName: node
  linkType: hard

"reusify@npm:^1.0.4":
  version: 1.0.4
  resolution: "reusify@npm:1.0.4"
  checksum: c3076ebcc22a6bc252cb0b9c77561795256c22b757f40c0d8110b1300723f15ec0fc8685e8d4ea6d7666f36c79ccc793b1939c748bf36f18f542744a4e379fcc
  languageName: node
  linkType: hard

"rfdc@npm:^1.2.0, rfdc@npm:^1.3.0":
  version: 1.3.0
  resolution: "rfdc@npm:1.3.0"
  checksum: fb2ba8512e43519983b4c61bd3fa77c0f410eff6bae68b08614437bc3f35f91362215f7b4a73cbda6f67330b5746ce07db5dd9850ad3edc91271ad6deea0df32
  languageName: node
  linkType: hard

"root-workspace-0b6124@workspace:.":
  version: 0.0.0-use.local
  resolution: "root-workspace-0b6124@workspace:."
  dependencies:
    "@fastify/helmet": ^9.1.0
    "@types/node": ^18.7.1
    fastify: ^4.4.0
    prisma: ^4.2.1
    redis: ^4.2.0
  languageName: unknown
  linkType: soft

"safe-regex2@npm:^2.0.0":
  version: 2.0.0
  resolution: "safe-regex2@npm:2.0.0"
  dependencies:
    ret: ~0.2.0
  checksum: f5e182fca040dedd50ae052ea0eb035d9903b2db71243d5d8b43299735857288ef2ab52546a368d9c6fd1333b2a0d039297925e78ffc14845354f3f6158af7c2
  languageName: node
  linkType: hard

"safe-stable-stringify@npm:^2.3.1":
  version: 2.3.1
  resolution: "safe-stable-stringify@npm:2.3.1"
  checksum: a0a0bad0294c3e2a9d1bf3cf2b1096dfb83c162d09a5e4891e488cce082120bd69161d2a92aae7fc48255290f17700decae9c89a07fe139794e61b5c8b411377
  languageName: node
  linkType: hard

"secure-json-parse@npm:^2.4.0":
  version: 2.5.0
  resolution: "secure-json-parse@npm:2.5.0"
  checksum: 84147a32615ce0d93d2fbba60cde85ae362f45cc948ea134e4d6d1e678bb4b7f3a5ce9b9692ed052baefeb2e1c8ba183b34920390e6a089925b97b0d8f7ab064
  languageName: node
  linkType: hard

"semver@npm:^7.3.7":
  version: 7.3.7
  resolution: "semver@npm:7.3.7"
  dependencies:
    lru-cache: ^6.0.0
  bin:
    semver: bin/semver.js
  checksum: 2fa3e877568cd6ce769c75c211beaed1f9fce80b28338cadd9d0b6c40f2e2862bafd62c19a6cff42f3d54292b7c623277bcab8816a2b5521cf15210d43e75232
  languageName: node
  linkType: hard

"set-cookie-parser@npm:^2.4.1":
  version: 2.5.1
  resolution: "set-cookie-parser@npm:2.5.1"
  checksum: b99c37f976e68ae6eb7c758bf2bbce1e60bb54e3eccedaa25f2da45b77b9cab58d90674cf9edd7aead6fbeac6308f2eb48713320a47ca120d0e838d0194513b6
  languageName: node
  linkType: hard

"sonic-boom@npm:^3.1.0":
  version: 3.2.0
  resolution: "sonic-boom@npm:3.2.0"
  dependencies:
    atomic-sleep: ^1.0.0
  checksum: 526669b78e0ac3bcbe2a53e5ac8960d3b25e61d8e6a46eaed5a0c46d7212c5f638bb136236870babedfcb626063711ba8f81e538f88b79e6a90a5b2ff71943b4
  languageName: node
  linkType: hard

"split2@npm:^4.0.0":
  version: 4.1.0
  resolution: "split2@npm:4.1.0"
  checksum: ec581597cb74c13cdfb5e2047543dd40cb1e8e9803c7b1e0c29ede05f2b4f049b2d6e7f2788a225d544549375719658b8f38e9366364dec35dc7a12edfda5ee5
  languageName: node
  linkType: hard

"thread-stream@npm:^2.0.0":
  version: 2.0.1
  resolution: "thread-stream@npm:2.0.1"
  dependencies:
    real-require: ^0.2.0
  checksum: a78c904d4b22d7b59f774da380b04333e0c7d30505e320eda4bfa4c10e946229f16df6aedb13c7608415cb334657c4a4c6d5d45bf621f6ddb97d3a0141345989
  languageName: node
  linkType: hard

"tiny-lru@npm:^8.0.2":
  version: 8.0.2
  resolution: "tiny-lru@npm:8.0.2"
  checksum: ec4d884914626760eef05cd57850f21a153adeeb7c4242eb8d44a031f1bd8489f18c1bf5d6f10f0a11c5dcfe03b302f26b00f2b879b38853599486bf0dca8c97
  languageName: node
  linkType: hard

"uri-js@npm:^4.2.2":
  version: 4.4.1
  resolution: "uri-js@npm:4.4.1"
  dependencies:
    punycode: ^2.1.0
  checksum: 7167432de6817fe8e9e0c9684f1d2de2bb688c94388f7569f7dbdb1587c9f4ca2a77962f134ec90be0cc4d004c939ff0d05acc9f34a0db39a3c797dada262633
  languageName: node
  linkType: hard

"yallist@npm:4.0.0, yallist@npm:^4.0.0":
  version: 4.0.0
  resolution: "yallist@npm:4.0.0"
  checksum: 343617202af32df2a15a3be36a5a8c0c8545208f3d3dfbc6bb7c3e3b7e8c6f8e7485432e4f3b88da3031a6e20afa7c711eded32ddfb122896ac5d914e75848d5
  languageName: node
  linkType: hard
